{
  "version": "2",
  "remote": {
    "https://deno.land/std@0.171.0/fmt/colors.ts": "938c5d44d889fb82eff6c358bea8baa7e85950a16c9f6dae3ec3a7a729164471",
    "https://deno.land/std@0.171.0/testing/_diff.ts": "1a3c044aedf77647d6cac86b798c6417603361b66b54c53331b312caeb447aea",
    "https://deno.land/std@0.171.0/testing/_format.ts": "a69126e8a469009adf4cf2a50af889aca364c349797e63174884a52ff75cf4c7",
    "https://deno.land/std@0.171.0/testing/asserts.ts": "984ab0bfb3faeed92ffaa3a6b06536c66811185328c5dd146257c702c41b01ab",
    "https://deno.land/std@0.178.0/collections/_comparators.ts": "fa7f9a44cea1d270098a2a5a6f8bb30c61b595c1b1f983bd67c6297d766adffa",
    "https://deno.land/std@0.178.0/collections/_utils.ts": "5114abc026ddef71207a79609b984614e66a63a4bda17d819d56b0e72c51527e",
    "https://deno.land/std@0.178.0/collections/aggregate_groups.ts": "133fe3a534a447c30f96ec95734396e81d2f1800f14941dce45e531ffb35d317",
    "https://deno.land/std@0.178.0/collections/associate_by.ts": "5dca892cefdc83227daecdc4110096b918f8a0da8ab9f396b3f43eab379e81c8",
    "https://deno.land/std@0.178.0/collections/associate_with.ts": "343cf93d3faf3206f0726218748d22ac7290d6d6ec8476befd916571a0baa834",
    "https://deno.land/std@0.178.0/collections/binary_heap.ts": "9b526124c393e7ee02d1f329db471f75055b175a86d41c6856186107c8beffc8",
    "https://deno.land/std@0.178.0/collections/chunk.ts": "541f4b537109163f859e7b2e2ff6245669cf4d7feaeae9674b01e1acf3929291",
    "https://deno.land/std@0.178.0/collections/deep_merge.ts": "5a8ed29030f4471a5272785c57c3455fa79697b9a8f306013a8feae12bafc99a",
    "https://deno.land/std@0.178.0/collections/distinct.ts": "5f9671702ace8bc0ca59237554e6d7509b08899338ce6f990d146d26538339ea",
    "https://deno.land/std@0.178.0/collections/distinct_by.ts": "30bd7af8895ac4289d2df1f7c8eb0628b4391cd310aadb861be285840af93b43",
    "https://deno.land/std@0.178.0/collections/drop_last_while.ts": "b80dde3ebab9f91845d3d80e256e22d8e6e7c0896b28827266dd5c53a1e76f8d",
    "https://deno.land/std@0.178.0/collections/drop_while.ts": "221a208e49db1fddab52854fda880614c45454c9696820f86f22ddc2f2498c0d",
    "https://deno.land/std@0.178.0/collections/filter_entries.ts": "721f5392f4b450350c79b45a194395758506d386fa8adc23704d4bdb8903cdeb",
    "https://deno.land/std@0.178.0/collections/filter_keys.ts": "3b99bd98d347f23b8fe8183b108077ae6e467707e80798e768c11eb86fff49c9",
    "https://deno.land/std@0.178.0/collections/filter_values.ts": "5b9feaf17b9a6e5ffccdd36cf6f38fa4ffa94cff2602d381c2ad0c2a97929652",
    "https://deno.land/std@0.178.0/collections/find_single.ts": "92533faa615511efe948121c15c06805292a1b6bb942f6bd07457511f409fc0c",
    "https://deno.land/std@0.178.0/collections/first_not_nullish_of.ts": "104eca7b0914f7190c350b0e215033b366c679914c3e19c5424414522611daed",
    "https://deno.land/std@0.178.0/collections/group_by.ts": "71eea3deea1d15e0d9bb21d4af425674609966f2814ee9479674a9856f09a0ec",
    "https://deno.land/std@0.178.0/collections/includes_value.ts": "ef91ec433be90e75d2e7cad9f28500a85413e3a3f055b4fc57beefc4c9faed8f",
    "https://deno.land/std@0.178.0/collections/intersect.ts": "cfe4a305b69a2ee1fedb29a08c412a36145326788c702526ab69f01c1b4b6c65",
    "https://deno.land/std@0.178.0/collections/join_to_string.ts": "450323c5d4d9ddef4fb408f9b5206a30b609ae30e198562cb99546525d58be62",
    "https://deno.land/std@0.178.0/collections/map_entries.ts": "26ad0c17460cfd9d889e7d80a1ecbaca17021b0c59262101681bbb7524eaa4f5",
    "https://deno.land/std@0.178.0/collections/map_keys.ts": "8505f1a0983c0ba6e65265608c0b2332226bb66ea3a9dee50ed7c2e16101c91a",
    "https://deno.land/std@0.178.0/collections/map_not_nullish.ts": "7b97c1797223781db472ac66810085f2b1d1695393b525c399edf73ff1f7160f",
    "https://deno.land/std@0.178.0/collections/map_values.ts": "431b78fd770c72cc978ca7bbfa08cdc0805e69c7d2b69ad19859e093467bd46d",
    "https://deno.land/std@0.178.0/collections/max_by.ts": "2adb39effb8df0e1c99c7c7745a994c3bac0f3405474766cd262d7eba8b0ec6f",
    "https://deno.land/std@0.178.0/collections/max_of.ts": "38520747a84c830256082be9ad1cb7cbe4867452bcd5dde3551f6b071775061b",
    "https://deno.land/std@0.178.0/collections/max_with.ts": "bf58877ad2fe629531dceddd50b6c30266451809d9e7f6ad3304eaa01f55793b",
    "https://deno.land/std@0.178.0/collections/min_by.ts": "5bb8726695eaeff1a32d8ca44acc358f6500617a7854a5b1b9f715cdd6b09ce4",
    "https://deno.land/std@0.178.0/collections/min_of.ts": "cf0208457d365db0403bdfaa0bc84110ccbbc338db6a56f943c59cd8026d531d",
    "https://deno.land/std@0.178.0/collections/min_with.ts": "6e6bbdd35fa31b8b5bf62e491ca98ae41721c9a106589ecbab227074c2cf1a42",
    "https://deno.land/std@0.178.0/collections/mod.ts": "f3ffe9a58c24abd3aee9d7f469d2471856097c4da095e450563184f23d6f258a",
    "https://deno.land/std@0.178.0/collections/partition.ts": "cf57f32e4022d092b209c341a3c04338e8386ab19947a48416e131596d925f08",
    "https://deno.land/std@0.178.0/collections/permutations.ts": "ed05dedd5cec919f0fb7ffe56713bb1cbaac603ef1bab9c2b8c88b3a6d4658cb",
    "https://deno.land/std@0.178.0/collections/reduce_groups.ts": "9bcfeecddf727f1d1fa3a4fefbb594713405d991f0e82706a4602bb5144d2983",
    "https://deno.land/std@0.178.0/collections/running_reduce.ts": "e64673193860d2a71a7a1c607e34f01bee19e7b9df0ccd235e770d25836b161f",
    "https://deno.land/std@0.178.0/collections/sample.ts": "1a744b2a486e2792332499d942ccc6edd2f40719f76a2a7a9ec185a3c07e59da",
    "https://deno.land/std@0.178.0/collections/sliding_windows.ts": "2d99522a753af01afc29a6b7b9135c35bd8ce654e80500b9533706ebe0f418b1",
    "https://deno.land/std@0.178.0/collections/sort_by.ts": "1202915ce874f76369109c75cf5fe34c90f2e6943f34bbbedde9d26e5785cef6",
    "https://deno.land/std@0.178.0/collections/sum_of.ts": "8e131cc5d1a5be9b1cb755e9bee66fc45c1705f20f24a0a2610a79adf4849999",
    "https://deno.land/std@0.178.0/collections/take_last_while.ts": "1ac8dc5b701c0d763a3b423db75a2ae64e75f849f64e6caa6baa51247c25b229",
    "https://deno.land/std@0.178.0/collections/take_while.ts": "3ba42ccce85c8a6b70ca6e6d8ea4291f35c968c774a82545e414e2c4d2b34be4",
    "https://deno.land/std@0.178.0/collections/union.ts": "760ab22dd36316d9217ffc000c50b7da88915a95ed7a901b2e977906087e7882",
    "https://deno.land/std@0.178.0/collections/unzip.ts": "fbe714638ee03129b03867d48cb7029f2db50c63f70ba02d795ccdfe3ca7093e",
    "https://deno.land/std@0.178.0/collections/without_all.ts": "a89f5da0b5830defed4f59666e188df411d8fece35a5f6ca69be6ca71a95c185",
    "https://deno.land/std@0.178.0/collections/zip.ts": "a214754eec9490a27056dc568bbbb6f5455dd9cea7543c96bde93ca274068b0d",
    "https://deno.land/std@0.178.0/fmt/colors.ts": "938c5d44d889fb82eff6c358bea8baa7e85950a16c9f6dae3ec3a7a729164471",
    "https://deno.land/std@0.178.0/permissions/mod.ts": "9c879d5be6e3638fc36a0e855a8d0582cf9674cc68fb6775f4d3522d93127264",
    "https://deno.land/std@0.178.0/testing/_diff.ts": "1a3c044aedf77647d6cac86b798c6417603361b66b54c53331b312caeb447aea",
    "https://deno.land/std@0.178.0/testing/_format.ts": "a69126e8a469009adf4cf2a50af889aca364c349797e63174884a52ff75cf4c7",
    "https://deno.land/std@0.178.0/testing/asserts.ts": "984ab0bfb3faeed92ffaa3a6b06536c66811185328c5dd146257c702c41b01ab",
    "https://deno.land/std@0.180.0/_util/asserts.ts": "178dfc49a464aee693a7e285567b3d0b555dc805ff490505a8aae34f9cfb1462",
    "https://deno.land/std@0.180.0/bytes/concat.ts": "d26d6f3d7922e6d663dacfcd357563b7bf4a380ce5b9c2bbe0c8586662f25ce2",
    "https://deno.land/std@0.180.0/bytes/copy.ts": "939d89e302a9761dcf1d9c937c7711174ed74c59eef40a1e4569a05c9de88219",
    "https://deno.land/std@0.180.0/io/buf_reader.ts": "90a7adcb3638d8e1361695cdf844d58bcd97c41711dc6f9f8acc0626ebe097f5",
    "https://deno.land/std@0.180.0/io/buffer.ts": "e2b7564f684dad625cab08f5106f33572d325705d19a36822b3272fbdfb8f726",
    "https://deno.land/std@0.180.0/io/read_lines.ts": "baee9e35034f2fdfccf63bc24b7e3cb45aa1c1c5de26d178f7bcbc572e87772f",
    "https://deno.land/std@0.180.0/streams/read_all.ts": "bfa220b0e1d06fa4d0cb5178baba8f8b466019a7411511982bfa2320ca292815",
    "https://deno.land/std@0.180.0/types.d.ts": "220ed56662a0bd393ba5d124aa6ae2ad36a00d2fcbc0e8666a65f4606aaa9784"
  }
}
